// !$*UTF8*$!
{
	archiveVersion = 1;
	classes = {
	};
	objectVersion = 46;
	objects = {

/* Begin PBXBuildFile section */
		538E37AE1CB5C325005E529A /* AppDelegate.swift in Sources */ = {isa = PBXBuildFile; fileRef = 538E37AD1CB5C325005E529A /* AppDelegate.swift */; };
		538E37B01CB5C325005E529A /* ViewController.swift in Sources */ = {isa = PBXBuildFile; fileRef = 538E37AF1CB5C325005E529A /* ViewController.swift */; };
		538E37B31CB5C325005E529A /* Main.storyboard in Resources */ = {isa = PBXBuildFile; fileRef = 538E37B11CB5C325005E529A /* Main.storyboard */; };
		538E37B51CB5C325005E529A /* Assets.xcassets in Resources */ = {isa = PBXBuildFile; fileRef = 538E37B41CB5C325005E529A /* Assets.xcassets */; };
		538E37B81CB5C325005E529A /* LaunchScreen.storyboard in Resources */ = {isa = PBXBuildFile; fileRef = 538E37B61CB5C325005E529A /* LaunchScreen.storyboard */; };
		538E37C31CB5C325005E529A /* hw1Tests.swift in Sources */ = {isa = PBXBuildFile; fileRef = 538E37C21CB5C325005E529A /* hw1Tests.swift */; };
		538E37CE1CB5C325005E529A /* hw1UITests.swift in Sources */ = {isa = PBXBuildFile; fileRef = 538E37CD1CB5C325005E529A /* hw1UITests.swift */; };
/* End PBXBuildFile section */

/* Begin PBXContainerItemProxy section */
		538E37BF1CB5C325005E529A /* PBXContainerItemProxy */ = {
			isa = PBXContainerItemProxy;
			containerPortal = 538E37A21CB5C324005E529A /* Project object */;
			proxyType = 1;
			remoteGlobalIDString = 538E37A91CB5C324005E529A;
			remoteInfo = hw1;
		};
		538E37CA1CB5C325005E529A /* PBXContainerItemProxy */ = {
			isa = PBXContainerItemProxy;
			containerPortal = 538E37A21CB5C324005E529A /* Project object */;
			proxyType = 1;
			remoteGlobalIDString = 538E37A91CB5C324005E529A;
			remoteInfo = hw1;
		};
/* End PBXContainerItemProxy section */

/* Begin PBXFileReference section */
		538E37AA1CB5C325005E529A /* hw1.app */ = {isa = PBXFileReference; explicitFileType = wrapper.application; includeInIndex = 0; path = hw1.app; sourceTree = BUILT_PRODUCTS_DIR; };
		538E37AD1CB5C325005E529A /* AppDelegate.swift */ = {isa = PBXFileReference; lastKnownFileType = sourcecode.swift; path = AppDelegate.swift; sourceTree = "<group>"; };
		538E37AF1CB5C325005E529A /* ViewController.swift */ = {isa = PBXFileReference; lastKnownFileType = sourcecode.swift; path = ViewController.swift; sourceTree = "<group>"; };
		538E37B21CB5C325005E529A /* Base */ = {isa = PBXFileReference; lastKnownFileType = file.storyboard; name = Base; path = Base.lproj/Main.storyboard; sourceTree = "<group>"; };
		538E37B41CB5C325005E529A /* Assets.xcassets */ = {isa = PBXFileReference; lastKnownFileType = folder.assetcatalog; path = Assets.xcassets; sourceTree = "<group>"; };
		538E37B71CB5C325005E529A /* Base */ = {isa = PBXFileReference; lastKnownFileType = file.storyboard; name = Base; path = Base.lproj/LaunchScreen.storyboard; sourceTree = "<group>"; };
		538E37B91CB5C325005E529A /* Info.plist */ = {isa = PBXFileReference; lastKnownFileType = text.plist.xml; path = Info.plist; sourceTree = "<group>"; };
		538E37BE1CB5C325005E529A /* hw1Tests.xctest */ = {isa = PBXFileReference; explicitFileType = wrapper.cfbundle; includeInIndex = 0; path = hw1Tests.xctest; sourceTree = BUILT_PRODUCTS_DIR; };
		538E37C21CB5C325005E529A /* hw1Tests.swift */ = {isa = PBXFileReference; lastKnownFileType = sourcecode.swift; path = hw1Tests.swift; sourceTree = "<group>"; };
		538E37C41CB5C325005E529A /* Info.plist */ = {isa = PBXFileReference; lastKnownFileType = text.plist.xml; path = Info.plist; sourceTree = "<group>"; };
		538E37C91CB5C325005E529A /* hw1UITests.xctest */ = {isa = PBXFileReference; explicitFileType = wrapper.cfbundle; includeInIndex = 0; path = hw1UITests.xctest; sourceTree = BUILT_PRODUCTS_DIR; };
		538E37CD1CB5C325005E529A /* hw1UITests.swift */ = {isa = PBXFileReference; lastKnownFileType = sourcecode.swift; path = hw1UITests.swift; sourceTree = "<group>"; };
		538E37CF1CB5C325005E529A /* Info.plist */ = {isa = PBXFileReference; lastKnownFileType = text.plist.xml; path = Info.plist; sourceTree = "<group>"; };
/* End PBXFileReference section */

/* Begin PBXFrameworksBuildPhase section */
		538E37A71CB5C324005E529A /* Frameworks */ = {
			isa = PBXFrameworksBuildPhase;
			buildActionMask = 2147483647;
			files = (
			);
			runOnlyForDeploymentPostprocessing = 0;
		};
		538E37BB1CB5C325005E529A /* Frameworks */ = {
			isa = PBXFrameworksBuildPhase;
			buildActionMask = 2147483647;
			files = (
			);
			runOnlyForDeploymentPostprocessing = 0;
		};
		538E37C61CB5C325005E529A /* Frameworks */ = {
			isa = PBXFrameworksBuildPhase;
			buildActionMask = 2147483647;
			files = (
			);
			runOnlyForDeploymentPostprocessing = 0;
		};
/* End PBXFrameworksBuildPhase section */

/* Begin PBXGroup section */
		538E37A11CB5C324005E529A = {
			isa = PBXGroup;
			children = (
				538E37AC1CB5C325005E529A /* hw1 */,
				538E37C11CB5C325005E529A /* hw1Tests */,
				538E37CC1CB5C325005E529A /* hw1UITests */,
				538E37AB1CB5C325005E529A /* Products */,
			);
			sourceTree = "<group>";
		};
		538E37AB1CB5C325005E529A /* Products */ = {
			isa = PBXGroup;
			children = (
				538E37AA1CB5C325005E529A /* hw1.app */,
				538E37BE1CB5C325005E529A /* hw1Tests.xctest */,
				538E37C91CB5C325005E529A /* hw1UITests.xctest */,
			);
			name = Products;
			sourceTree = "<group>";
		};
		538E37AC1CB5C325005E529A /* hw1 */ = {
			isa = PBXGroup;
			children = (
				538E37AD1CB5C325005E529A /* AppDelegate.swift */,
				538E37AF1CB5C325005E529A /* ViewController.swift */,
				538E37B11CB5C325005E529A /* Main.storyboard */,
				538E37B41CB5C325005E529A /* Assets.xcassets */,
				538E37B61CB5C325005E529A /* LaunchScreen.storyboard */,
				538E37B91CB5C325005E529A /* Info.plist */,
			);
			path = hw1;
			sourceTree = "<group>";
		};
		538E37C11CB5C325005E529A /* hw1Tests */ = {
			isa = PBXGroup;
			children = (
				538E37C21CB5C325005E529A /* hw1Tests.swift */,
				538E37C41CB5C325005E529A /* Info.plist */,
			);
			path = hw1Tests;
			sourceTree = "<group>";
		};
		538E37CC1CB5C325005E529A /* hw1UITests */ = {
			isa = PBXGroup;
			children = (
				538E37CD1CB5C325005E529A /* hw1UITests.swift */,
				538E37CF1CB5C325005E529A /* Info.plist */,
			);
			path = hw1UITests;
			sourceTree = "<group>";
		};
/* End PBXGroup section */

/* Begin PBXNativeTarget section */
		538E37A91CB5C324005E529A /* hw1 */ = {
			isa = PBXNativeTarget;
			buildConfigurationList = 538E37D21CB5C325005E529A /* Build configuration list for PBXNativeTarget "hw1" */;
			buildPhases = (
				538E37A61CB5C324005E529A /* Sources */,
				538E37A71CB5C324005E529A /* Frameworks */,
				538E37A81CB5C324005E529A /* Resources */,
			);
			buildRules = (
			);
			dependencies = (
			);
			name = hw1;
			productName = hw1;
			productReference = 538E37AA1CB5C325005E529A /* hw1.app */;
			productType = "com.apple.product-type.application";
		};
		538E37BD1CB5C325005E529A /* hw1Tests */ = {
			isa = PBXNativeTarget;
			buildConfigurationList = 538E37D51CB5C325005E529A /* Build configuration list for PBXNativeTarget "hw1Tests" */;
			buildPhases = (
				538E37BA1CB5C325005E529A /* Sources */,
				538E37BB1CB5C325005E529A /* Frameworks */,
				538E37BC1CB5C325005E529A /* Resources */,
			);
			buildRules = (
			);
			dependencies = (
				538E37C01CB5C325005E529A /* PBXTargetDependency */,
			);
			name = hw1Tests;
			productName = hw1Tests;
			productReference = 538E37BE1CB5C325005E529A /* hw1Tests.xctest */;
			productType = "com.apple.product-type.bundle.unit-test";
		};
		538E37C81CB5C325005E529A /* hw1UITests */ = {
			isa = PBXNativeTarget;
			buildConfigurationList = 538E37D81CB5C325005E529A /* Build configuration list for PBXNativeTarget "hw1UITests" */;
			buildPhases = (
				538E37C51CB5C325005E529A /* Sources */,
				538E37C61CB5C325005E529A /* Frameworks */,
				538E37C71CB5C325005E529A /* Resources */,
			);
			buildRules = (
			);
			dependencies = (
				538E37CB1CB5C325005E529A /* PBXTargetDependency */,
			);
			name = hw1UITests;
			productName = hw1UITests;
			productReference = 538E37C91CB5C325005E529A /* hw1UITests.xctest */;
			productType = "com.apple.product-type.bundle.ui-testing";
		};
/* End PBXNativeTarget section */

/* Begin PBXProject section */
		538E37A21CB5C324005E529A /* Project object */ = {
			isa = PBXProject;
			attributes = {
				LastSwiftUpdateCheck = 0730;
				LastUpgradeCheck = 0730;
				ORGANIZATIONNAME = kchoison;
				TargetAttributes = {
					538E37A91CB5C324005E529A = {
						CreatedOnToolsVersion = 7.3;
						DevelopmentTeam = PNU7AS5372;
					};
					538E37BD1CB5C325005E529A = {
						CreatedOnToolsVersion = 7.3;
						TestTargetID = 538E37A91CB5C324005E529A;
					};
					538E37C81CB5C325005E529A = {
						CreatedOnToolsVersion = 7.3;
						TestTargetID = 538E37A91CB5C324005E529A;
					};
				};
			};
			buildConfigurationList = 538E37A51CB5C324005E529A /* Build configuration list for PBXProject "hw1" */;
			compatibilityVersion = "Xcode 3.2";
			developmentRegion = English;
			hasScannedForEncodings = 0;
			knownRegions = (
				en,
				Base,
			);
			mainGroup = 538E37A11CB5C324005E529A;
			productRefGroup = 538E37AB1CB5C325005E529A /* Products */;
			projectDirPath = "";
			projectRoot = "";
			targets = (
				538E37A91CB5C324005E529A /* hw1 */,
				538E37BD1CB5C325005E529A /* hw1Tests */,
				538E37C81CB5C325005E529A /* hw1UITests */,
			);
		};
/* End PBXProject section */

/* Begin PBXResourcesBuildPhase section */
		538E37A81CB5C324005E529A /* Resources */ = {
			isa = PBXResourcesBuildPhase;
			buildActionMask = 2147483647;
			files = (
				538E37B81CB5C325005E529A /* LaunchScreen.storyboard in Resources */,
				538E37B51CB5C325005E529A /* Assets.xcassets in Resources */,
				538E37B31CB5C325005E529A /* Main.storyboard in Resources */,
			);
			runOnlyForDeploymentPostprocessing = 0;
		};
		538E37BC1CB5C325005E529A /* Resources */ = {
			isa = PBXResourcesBuildPhase;
			buildActionMask = 2147483647;
			files = (
			);
			runOnlyForDeploymentPostprocessing = 0;
		};
		538E37C71CB5C325005E529A /* Resources */ = {
			isa = PBXResourcesBuildPhase;
			buildActionMask = 2147483647;
			files = (
			);
			runOnlyForDeploymentPostprocessing = 0;
		};
/* End PBXResourcesBuildPhase section */

/* Begin PBXSourcesBuildPhase section */
		538E37A61CB5C324005E529A /* Sources */ = {
			isa = PBXSourcesBuildPhase;
			buildActionMask = 2147483647;
			files = (
				538E37B01CB5C325005E529A /* ViewController.swift in Sources */,
				538E37AE1CB5C325005E529A /* AppDelegate.swift in Sources */,
			);
			runOnlyForDeploymentPostprocessing = 0;
		};
		538E37BA1CB5C325005E529A /* Sources */ = {
			isa = PBXSourcesBuildPhase;
			buildActionMask = 2147483647;
			files = (
				538E37C31CB5C325005E529A /* hw1Tests.swift in Sources */,
			);
			runOnlyForDeploymentPostprocessing = 0;
		};
		538E37C51CB5C325005E529A /* Sources */ = {
			isa = PBXSourcesBuildPhase;
			buildActionMask = 2147483647;
			files = (
				538E37CE1CB5C325005E529A /* hw1UITests.swift in Sources */,
			);
			runOnlyForDeploymentPostprocessing = 0;
		};
/* End PBXSourcesBuildPhase section */

/* Begin PBXTargetDependency section */
		538E37C01CB5C325005E529A /* PBXTargetDependency */ = {
			isa = PBXTargetDependency;
			target = 538E37A91CB5C324005E529A /* hw1 */;
			targetProxy = 538E37BF1CB5C325005E529A /* PBXContainerItemProxy */;
		};
		538E37CB1CB5C325005E529A /* PBXTargetDependency */ = {
			isa = PBXTargetDependency;
			target = 538E37A91CB5C324005E529A /* hw1 */;
			targetProxy = 538E37CA1CB5C325005E529A /* PBXContainerItemProxy */;
		};
/* End PBXTargetDependency section */

/* Begin PBXVariantGroup section */
		538E37B11CB5C325005E529A /* Main.storyboard */ = {
			isa = PBXVariantGroup;
			children = (
				538E37B21CB5C325005E529A /* Base */,
			);
			name = Main.storyboard;
			sourceTree = "<group>";
		};
		538E37B61CB5C325005E529A /* LaunchScreen.storyboard */ = {
			isa = PBXVariantGroup;
			children = (
				538E37B71CB5C325005E529A /* Base */,
			);
			name = LaunchScreen.storyboard;
			sourceTree = "<group>";
		};
/* End PBXVariantGroup section */

/* Begin XCBuildConfiguration section */
		538E37D01CB5C325005E529A /* Debug */ = {
			isa = XCBuildConfiguration;
			buildSettings = {
				ALWAYS_SEARCH_USER_PATHS = NO;
				CLANG_ANALYZER_NONNULL = YES;
				CLANG_CXX_LANGUAGE_STANDARD = "gnu++0x";
				CLANG_CXX_LIBRARY = "libc++";
				CLANG_ENABLE_MODULES = YES;
				CLANG_ENABLE_OBJC_ARC = YES;
				CLANG_WARN_BOOL_CONVERSION = YES;
				CLANG_WARN_CONSTANT_CONVERSION = YES;
				CLANG_WARN_DIRECT_OBJC_ISA_USAGE = YES_ERROR;
				CLANG_WARN_EMPTY_BODY = YES;
				CLANG_WARN_ENUM_CONVERSION = YES;
				CLANG_WARN_INT_CONVERSION = YES;
				CLANG_WARN_OBJC_ROOT_CLASS = YES_ERROR;
				CLANG_WARN_UNREACHABLE_CODE = YES;
				CLANG_WARN__DUPLICATE_METHOD_MATCH = YES;
				"CODE_SIGN_IDENTITY[sdk=iphoneos*]" = "iPhone Developer";
				COPY_PHASE_STRIP = NO;
				DEBUG_INFORMATION_FORMAT = dwarf;
				ENABLE_STRICT_OBJC_MSGSEND = YES;
				ENABLE_TESTABILITY = YES;
				GCC_C_LANGUAGE_STANDARD = gnu99;
				GCC_DYNAMIC_NO_PIC = NO;
				GCC_NO_COMMON_BLOCKS = YES;
				GCC_OPTIMIZATION_LEVEL = 0;
				GCC_PREPROCESSOR_DEFINITIONS = (
					"DEBUG=1",
					"$(inherited)",
				);
				GCC_WARN_64_TO_32_BIT_CONVERSION = YES;
				GCC_WARN_ABOUT_RETURN_TYPE = YES_ERROR;
				GCC_WARN_UNDECLARED_SELECTOR = YES;
				GCC_WARN_UNINITIALIZED_AUTOS = YES_AGGRESSIVE;
				GCC_WARN_UNUSED_FUNCTION = YES;
				GCC_WARN_UNUSED_VARIABLE = YES;
				IPHONEOS_DEPLOYMENT_TARGET = 9.3;
				MTL_ENABLE_DEBUG_INFO = YES;
				ONLY_ACTIVE_ARCH = YES;
				SDKROOT = iphoneos;
				SWIFT_OPTIMIZATION_LEVEL = "-Onone";
				TARGETED_DEVICE_FAMILY = "1,2";
			};
			name = Debug;
		};
		538E37D11CB5C325005E529A /* Release */ = {
			isa = XCBuildConfiguration;
			buildSettings = {
				ALWAYS_SEARCH_USER_PATHS = NO;
				CLANG_ANALYZER_NONNULL = YES;
				CLANG_CXX_LANGUAGE_STANDARD = "gnu++0x";
				CLANG_CXX_LIBRARY = "libc++";
				CLANG_ENABLE_MODULES = YES;
				CLANG_ENABLE_OBJC_ARC = YES;
				CLANG_WARN_BOOL_CONVERSION = YES;
				CLANG_WARN_CONSTANT_CONVERSION = YES;
				CLANG_WARN_DIRECT_OBJC_ISA_USAGE = YES_ERROR;
				CLANG_WARN_EMPTY_BODY = YES;
				CLANG_WARN_ENUM_CONVERSION = YES;
				CLANG_WARN_INT_CONVERSION = YES;
				CLANG_WARN_OBJC_ROOT_CLASS = YES_ERROR;
				CLANG_WARN_UNREACHABLE_CODE = YES;
				CLANG_WARN__DUPLICATE_METHOD_MATCH = YES;
				"CODE_SIGN_IDENTITY[sdk=iphoneos*]" = "iPhone Developer";
				COPY_PHASE_STRIP = NO;
				DEBUG_INFORMATION_FORMAT = "dwarf-with-dsym";
				ENABLE_NS_ASSERTIONS = NO;
				ENABLE_STRICT_OBJC_MSGSEND = YES;
				GCC_C_LANGUAGE_STANDARD = gnu99;
				GCC_NO_COMMON_BLOCKS = YES;
				GCC_WARN_64_TO_32_BIT_CONVERSION = YES;
				GCC_WARN_ABOUT_RETURN_TYPE = YES_ERROR;
				GCC_WARN_UNDECLARED_SELECTOR = YES;
				GCC_WARN_UNINITIALIZED_AUTOS = YES_AGGRESSIVE;
				GCC_WARN_UNUSED_FUNCTION = YES;
				GCC_WARN_UNUSED_VARIABLE = YES;
				IPHONEOS_DEPLOYMENT_TARGET = 9.3;
				MTL_ENABLE_DEBUG_INFO = NO;
				SDKROOT = iphoneos;
				TARGETED_DEVICE_FAMILY = "1,2";
				VALIDATE_PRODUCT = YES;
			};
			name = Release;
		};
		538E37D31CB5C325005E529A /* Debug */ = {
			isa = XCBuildConfiguration;
			buildSettings = {
				ASSETCATALOG_COMPILER_APPICON_NAME = AppIcon;
				CODE_SIGN_IDENTITY = "iPhone Developer";
				"CODE_SIGN_IDENTITY[sdk=iphoneos*]" = "iPhone Developer";
				INFOPLIST_FILE = hw1/Info.plist;
				LD_RUNPATH_SEARCH_PATHS = "$(inherited) @executable_path/Frameworks";
				PRODUCT_BUNDLE_IDENTIFIER = edu.ucsd.kchoison.ece158b.hw1;
				PRODUCT_NAME = "$(TARGET_NAME)";
				PROVISIONING_PROFILE = "";
			};
			name = Debug;
		};
		538E37D41CB5C325005E529A /* Release */ = {
			isa = XCBuildConfiguration;
			buildSettings = {
				ASSETCATALOG_COMPILER_APPICON_NAME = AppIcon;
				CODE_SIGN_IDENTITY = "iPhone Developer";
				"CODE_SIGN_IDENTITY[sdk=iphoneos*]" = "iPhone Developer";
				INFOPLIST_FILE = hw1/Info.plist;
				LD_RUNPATH_SEARCH_PATHS = "$(inherited) @executable_path/Frameworks";
				PRODUCT_BUNDLE_IDENTIFIER = edu.ucsd.kchoison.ece158b.hw1;
				PRODUCT_NAME = "$(TARGET_NAME)";
				PROVISIONING_PROFILE = "";
			};
			name = Release;
		};
		538E37D61CB5C325005E529A /* Debug */ = {
			isa = XCBuildConfiguration;
			buildSettings = {
				BUNDLE_LOADER = "$(TEST_HOST)";
				INFOPLIST_FILE = hw1Tests/Info.plist;
				LD_RUNPATH_SEARCH_PATHS = "$(inherited) @executable_path/Frameworks @loader_path/Frameworks";
				PRODUCT_BUNDLE_IDENTIFIER = edu.ucsd.kchoison.ece158b.hw1Tests;
				PRODUCT_NAME = "$(TARGET_NAME)";
				TEST_HOST = "$(BUILT_PRODUCTS_DIR)/hw1.app/hw1";
			};
			name = Debug;
		};
		538E37D71CB5C325005E529A /* Release */ = {
			isa = XCBuildConfiguration;
			buildSettings = {
				BUNDLE_LOADER = "$(TEST_HOST)";
				INFOPLIST_FILE = hw1Tests/Info.plist;
				LD_RUNPATH_SEARCH_PATHS = "$(inherited) @executable_path/Frameworks @loader_path/Frameworks";
				PRODUCT_BUNDLE_IDENTIFIER = edu.ucsd.kchoison.ece158b.hw1Tests;
				PRODUCT_NAME = "$(TARGET_NAME)";
				TEST_HOST = "$(BUILT_PRODUCTS_DIR)/hw1.app/hw1";
			};
			name = Release;
		};
		538E37D91CB5C325005E529A /* Debug */ = {
			isa = XCBuildConfiguration;
			buildSettings = {
				INFOPLIST_FILE = hw1UITests/Info.plist;
				LD_RUNPATH_SEARCH_PATHS = "$(inherited) @executable_path/Frameworks @loader_path/Frameworks";
				PRODUCT_BUNDLE_IDENTIFIER = edu.ucsd.kchoison.ece158b.hw1UITests;
				PRODUCT_NAME = "$(TARGET_NAME)";
				TEST_TARGET_NAME = hw1;
			};
			name = Debug;
		};
		538E37DA1CB5C325005E529A /* Release */ = {
			isa = XCBuildConfiguration;
			buildSettings = {
				INFOPLIST_FILE = hw1UITests/Info.plist;
				LD_RUNPATH_SEARCH_PATHS = "$(inherited) @executable_path/Frameworks @loader_path/Frameworks";
				PRODUCT_BUNDLE_IDENTIFIER = edu.ucsd.kchoison.ece158b.hw1UITests;
				PRODUCT_NAME = "$(TARGET_NAME)";
				TEST_TARGET_NAME = hw1;
			};
			name = Release;
		};
/* End XCBuildConfiguration section */

/* Begin XCConfigurationList section */
		538E37A51CB5C324005E529A /* Build configuration list for PBXProject "hw1" */ = {
			isa = XCConfigurationList;
			buildConfigurations = (
				538E37D01CB5C325005E529A /* Debug */,
				538E37D11CB5C325005E529A /* Release */,
			);
			defaultConfigurationIsVisible = 0;
			defaultConfigurationName = Release;
		};
		538E37D21CB5C325005E529A /* Build configuration list for PBXNativeTarget "hw1" */ = {
			isa = XCConfigurationList;
			buildConfigurations = (
				538E37D31CB5C325005E529A /* Debug */,
				538E37D41CB5C325005E529A /* Release */,
			);
			defaultConfigurationIsVisible = 0;
		};
		538E37D51CB5C325005E529A /* Build configuration list for PBXNativeTarget "hw1Tests" */ = {
			isa = XCConfigurationList;
			buildConfigurations = (
				538E37D61CB5C325005E529A /* Debug */,
				538E37D71CB5C325005E529A /* Release */,
			);
			defaultConfigurationIsVisible = 0;
		};
		538E37D81CB5C325005E529A /* Build configuration list for PBXNativeTarget "hw1UITests" */ = {
			isa = XCConfigurationList;
			buildConfigurations = (
				538E37D91CB5C325005E529A /* Debug */,
				538E37DA1CB5C325005E529A /* Release */,
			);
			defaultConfigurationIsVisible = 0;
		};
/* End XCConfigurationList section */
	};
	rootObject = 538E37A21CB5C324005E529A /* Project object */;
}
